
Microsoft Visual Studio Solution File, Format Version 12.00
# Visual Studio Version 17
VisualStudioVersion = 17.10.34928.147
MinimumVisualStudioVersion = 10.0.40219.1
Project("{2150E333-8FDC-42A3-9474-1A3956D46DE8}") = "FrontEnd", "FrontEnd", "{1792AA23-6FBC-4CA7-9F28-466F0F44550B}"
EndProject
Project("{2150E333-8FDC-42A3-9474-1A3956D46DE8}") = "Services", "Services", "{6B167E07-41CD-4115-94D8-B91C8D89F758}"
EndProject
Project("{9A19103F-16F7-4668-BE54-9A1E7A4F7556}") = "GeekShopping.Web", "GeekShopping.Web\GeekShopping.Web.csproj", "{B294847E-DFE4-4B86-BC58-87CC0E5FF935}"
EndProject
Project("{9A19103F-16F7-4668-BE54-9A1E7A4F7556}") = "GeekShopping.ProductAPI", "GeekShopping.ProductAPI\GeekShopping.ProductAPI.csproj", "{BBBB8211-EC31-4433-BC5E-9D48D52D35B5}"
EndProject
Project("{9A19103F-16F7-4668-BE54-9A1E7A4F7556}") = "GeekShopping.MessageBus", "GeekShopping.MessageBus\GeekShopping.MessageBus.csproj", "{578F324B-C06B-42DF-8E24-023E5C43D95F}"
EndProject
Project("{2150E333-8FDC-42A3-9474-1A3956D46DE8}") = "MassTransit", "MassTransit", "{02366144-1A33-4777-8486-9EBF4045E80D}"
EndProject
Project("{9A19103F-16F7-4668-BE54-9A1E7A4F7556}") = "MassTransitData", "MassTransitData\MassTransitData.csproj", "{CDEFB7C5-FE36-4E00-AEF1-889688577238}"
EndProject
Project("{9A19103F-16F7-4668-BE54-9A1E7A4F7556}") = "Consumer -Mass", "Consumer -Mass\Consumer -Mass.csproj", "{151991A8-DEFE-48E7-BA3B-7D8152EE2BA1}"
EndProject
Global
	GlobalSection(SolutionConfigurationPlatforms) = preSolution
		Debug|Any CPU = Debug|Any CPU
		Release|Any CPU = Release|Any CPU
	EndGlobalSection
	GlobalSection(ProjectConfigurationPlatforms) = postSolution
		{B294847E-DFE4-4B86-BC58-87CC0E5FF935}.Debug|Any CPU.ActiveCfg = Debug|Any CPU
		{B294847E-DFE4-4B86-BC58-87CC0E5FF935}.Debug|Any CPU.Build.0 = Debug|Any CPU
		{B294847E-DFE4-4B86-BC58-87CC0E5FF935}.Release|Any CPU.ActiveCfg = Release|Any CPU
		{B294847E-DFE4-4B86-BC58-87CC0E5FF935}.Release|Any CPU.Build.0 = Release|Any CPU
		{BBBB8211-EC31-4433-BC5E-9D48D52D35B5}.Debug|Any CPU.ActiveCfg = Debug|Any CPU
		{BBBB8211-EC31-4433-BC5E-9D48D52D35B5}.Debug|Any CPU.Build.0 = Debug|Any CPU
		{BBBB8211-EC31-4433-BC5E-9D48D52D35B5}.Release|Any CPU.ActiveCfg = Release|Any CPU
		{BBBB8211-EC31-4433-BC5E-9D48D52D35B5}.Release|Any CPU.Build.0 = Release|Any CPU
		{578F324B-C06B-42DF-8E24-023E5C43D95F}.Debug|Any CPU.ActiveCfg = Debug|Any CPU
		{578F324B-C06B-42DF-8E24-023E5C43D95F}.Debug|Any CPU.Build.0 = Debug|Any CPU
		{578F324B-C06B-42DF-8E24-023E5C43D95F}.Release|Any CPU.ActiveCfg = Release|Any CPU
		{578F324B-C06B-42DF-8E24-023E5C43D95F}.Release|Any CPU.Build.0 = Release|Any CPU
		{CDEFB7C5-FE36-4E00-AEF1-889688577238}.Debug|Any CPU.ActiveCfg = Debug|Any CPU
		{CDEFB7C5-FE36-4E00-AEF1-889688577238}.Debug|Any CPU.Build.0 = Debug|Any CPU
		{CDEFB7C5-FE36-4E00-AEF1-889688577238}.Release|Any CPU.ActiveCfg = Release|Any CPU
		{CDEFB7C5-FE36-4E00-AEF1-889688577238}.Release|Any CPU.Build.0 = Release|Any CPU
		{151991A8-DEFE-48E7-BA3B-7D8152EE2BA1}.Debug|Any CPU.ActiveCfg = Debug|Any CPU
		{151991A8-DEFE-48E7-BA3B-7D8152EE2BA1}.Debug|Any CPU.Build.0 = Debug|Any CPU
		{151991A8-DEFE-48E7-BA3B-7D8152EE2BA1}.Release|Any CPU.ActiveCfg = Release|Any CPU
		{151991A8-DEFE-48E7-BA3B-7D8152EE2BA1}.Release|Any CPU.Build.0 = Release|Any CPU
	EndGlobalSection
	GlobalSection(SolutionProperties) = preSolution
		HideSolutionNode = FALSE
	EndGlobalSection
	GlobalSection(NestedProjects) = preSolution
		{B294847E-DFE4-4B86-BC58-87CC0E5FF935} = {1792AA23-6FBC-4CA7-9F28-466F0F44550B}
		{BBBB8211-EC31-4433-BC5E-9D48D52D35B5} = {6B167E07-41CD-4115-94D8-B91C8D89F758}
		{CDEFB7C5-FE36-4E00-AEF1-889688577238} = {02366144-1A33-4777-8486-9EBF4045E80D}
		{151991A8-DEFE-48E7-BA3B-7D8152EE2BA1} = {02366144-1A33-4777-8486-9EBF4045E80D}
	EndGlobalSection
	GlobalSection(ExtensibilityGlobals) = postSolution
		SolutionGuid = {E06BDEA6-6C2C-41C0-9434-7188D73D680D}
	EndGlobalSection
EndGlobal
